
Microsoft Visual Studio Solution File, Format Version 12.00
# Visual Studio 15
VisualStudioVersion = 15.0.27703.2042
MinimumVisualStudioVersion = 10.0.40219.1
Project("{FAE04EC0-301F-11D3-BF4B-00C04F79EFBC}") = "Secret Image Hider", "Secret Image Hider.csproj", "{8C06AFFC-1552-436C-8F8A-D4BFC5F8CAB3}"
EndProject
Global
	GlobalSection(SolutionConfigurationPlatforms) = preSolution
		Debug|Any CPU = Debug|Any CPU
		Release|Any CPU = Release|Any CPU
	EndGlobalSection
	GlobalSection(ProjectConfigurationPlatforms) = postSolution
		{8C06AFFC-1552-436C-8F8A-D4BFC5F8CAB3}.Debug|Any CPU.ActiveCfg = Debug|Any CPU
		{8C06AFFC-1552-436C-8F8A-D4BFC5F8CAB3}.Debug|Any CPU.Build.0 = Debug|Any CPU
		{8C06AFFC-1552-436C-8F8A-D4BFC5F8CAB3}.Release|Any CPU.ActiveCfg = Release|Any CPU
		{8C06AFFC-1552-436C-8F8A-D4BFC5F8CAB3}.Release|Any CPU.Build.0 = Release|Any CPU
	EndGlobalSection
	GlobalSection(SolutionProperties) = preSolution
		HideSolutionNode = FALSE
	EndGlobalSection
	GlobalSection(ExtensibilityGlobals) = postSolution
		SolutionGuid = {3B627550-1BB3-45E7-B619-0F4FB86C009E}
	EndGlobalSection
EndGlobal
